// !$*UTF8*$!
{
	archiveVersion = 1;
	classes = {
	};
	objectVersion = 52;
	objects = {

/* Begin PBXBuildFile section */
		831FE36E26637B39003E6465 /* SDWebImageSwiftUI in Frameworks */ = {isa = PBXBuildFile; productRef = 831FE36D26637B39003E6465 /* SDWebImageSwiftUI */; };
		831FE3742663844B003E6465 /* iTunesRepository.swift in Sources */ = {isa = PBXBuildFile; fileRef = 831FE3732663844B003E6465 /* iTunesRepository.swift */; };
		831FE37626638535003E6465 /* ContentViewModel.swift in Sources */ = {isa = PBXBuildFile; fileRef = 831FE37526638535003E6465 /* ContentViewModel.swift */; };
		831FE3792663876C003E6465 /* APIStauts.swift in Sources */ = {isa = PBXBuildFile; fileRef = 831FE3782663876C003E6465 /* APIStauts.swift */; };
		831FE37B2663895B003E6465 /* ListRow.swift in Sources */ = {isa = PBXBuildFile; fileRef = 831FE37A2663895B003E6465 /* ListRow.swift */; };
		833F474C25D77981001E5782 /* API_Sample_swiftUIApp.swift in Sources */ = {isa = PBXBuildFile; fileRef = 833F474B25D77981001E5782 /* API_Sample_swiftUIApp.swift */; };
		833F474E25D77981001E5782 /* ContentView.swift in Sources */ = {isa = PBXBuildFile; fileRef = 833F474D25D77981001E5782 /* ContentView.swift */; };
		833F475025D77984001E5782 /* Assets.xcassets in Resources */ = {isa = PBXBuildFile; fileRef = 833F474F25D77984001E5782 /* Assets.xcassets */; };
		833F475325D77984001E5782 /* Preview Assets.xcassets in Resources */ = {isa = PBXBuildFile; fileRef = 833F475225D77984001E5782 /* Preview Assets.xcassets */; };
		833F475E25D77985001E5782 /* API_Sample_swiftUITests.swift in Sources */ = {isa = PBXBuildFile; fileRef = 833F475D25D77985001E5782 /* API_Sample_swiftUITests.swift */; };
		833F476925D77985001E5782 /* API_Sample_swiftUIUITests.swift in Sources */ = {isa = PBXBuildFile; fileRef = 833F476825D77985001E5782 /* API_Sample_swiftUIUITests.swift */; };
		835B153C25D9563F005EA9D1 /* iTunesModel.swift in Sources */ = {isa = PBXBuildFile; fileRef = 835B153B25D9563F005EA9D1 /* iTunesModel.swift */; };
		835B154525D95A67005EA9D1 /* iTunesAPIClient.swift in Sources */ = {isa = PBXBuildFile; fileRef = 835B154425D95A67005EA9D1 /* iTunesAPIClient.swift */; };
/* End PBXBuildFile section */

/* Begin PBXContainerItemProxy section */
		833F475A25D77985001E5782 /* PBXContainerItemProxy */ = {
			isa = PBXContainerItemProxy;
			containerPortal = 833F474025D77981001E5782 /* Project object */;
			proxyType = 1;
			remoteGlobalIDString = 833F474725D77981001E5782;
			remoteInfo = "API-Sample-swiftUI";
		};
		833F476525D77985001E5782 /* PBXContainerItemProxy */ = {
			isa = PBXContainerItemProxy;
			containerPortal = 833F474025D77981001E5782 /* Project object */;
			proxyType = 1;
			remoteGlobalIDString = 833F474725D77981001E5782;
			remoteInfo = "API-Sample-swiftUI";
		};
/* End PBXContainerItemProxy section */

/* Begin PBXFileReference section */
		831FE3732663844B003E6465 /* iTunesRepository.swift */ = {isa = PBXFileReference; lastKnownFileType = sourcecode.swift; path = iTunesRepository.swift; sourceTree = "<group>"; };
		831FE37526638535003E6465 /* ContentViewModel.swift */ = {isa = PBXFileReference; lastKnownFileType = sourcecode.swift; path = ContentViewModel.swift; sourceTree = "<group>"; };
		831FE3782663876C003E6465 /* APIStauts.swift */ = {isa = PBXFileReference; lastKnownFileType = sourcecode.swift; path = APIStauts.swift; sourceTree = "<group>"; };
		831FE37A2663895B003E6465 /* ListRow.swift */ = {isa = PBXFileReference; lastKnownFileType = sourcecode.swift; path = ListRow.swift; sourceTree = "<group>"; };
		833F474825D77981001E5782 /* API-Sample-swiftUI.app */ = {isa = PBXFileReference; explicitFileType = wrapper.application; includeInIndex = 0; path = "API-Sample-swiftUI.app"; sourceTree = BUILT_PRODUCTS_DIR; };
		833F474B25D77981001E5782 /* API_Sample_swiftUIApp.swift */ = {isa = PBXFileReference; lastKnownFileType = sourcecode.swift; path = API_Sample_swiftUIApp.swift; sourceTree = "<group>"; };
		833F474D25D77981001E5782 /* ContentView.swift */ = {isa = PBXFileReference; lastKnownFileType = sourcecode.swift; path = ContentView.swift; sourceTree = "<group>"; };
		833F474F25D77984001E5782 /* Assets.xcassets */ = {isa = PBXFileReference; lastKnownFileType = folder.assetcatalog; path = Assets.xcassets; sourceTree = "<group>"; };
		833F475225D77984001E5782 /* Preview Assets.xcassets */ = {isa = PBXFileReference; lastKnownFileType = folder.assetcatalog; path = "Preview Assets.xcassets"; sourceTree = "<group>"; };
		833F475425D77984001E5782 /* Info.plist */ = {isa = PBXFileReference; lastKnownFileType = text.plist.xml; path = Info.plist; sourceTree = "<group>"; };
		833F475925D77985001E5782 /* API-Sample-swiftUITests.xctest */ = {isa = PBXFileReference; explicitFileType = wrapper.cfbundle; includeInIndex = 0; path = "API-Sample-swiftUITests.xctest"; sourceTree = BUILT_PRODUCTS_DIR; };
		833F475D25D77985001E5782 /* API_Sample_swiftUITests.swift */ = {isa = PBXFileReference; lastKnownFileType = sourcecode.swift; path = API_Sample_swiftUITests.swift; sourceTree = "<group>"; };
		833F475F25D77985001E5782 /* Info.plist */ = {isa = PBXFileReference; lastKnownFileType = text.plist.xml; path = Info.plist; sourceTree = "<group>"; };
		833F476425D77985001E5782 /* API-Sample-swiftUIUITests.xctest */ = {isa = PBXFileReference; explicitFileType = wrapper.cfbundle; includeInIndex = 0; path = "API-Sample-swiftUIUITests.xctest"; sourceTree = BUILT_PRODUCTS_DIR; };
		833F476825D77985001E5782 /* API_Sample_swiftUIUITests.swift */ = {isa = PBXFileReference; lastKnownFileType = sourcecode.swift; path = API_Sample_swiftUIUITests.swift; sourceTree = "<group>"; };
		833F476A25D77985001E5782 /* Info.plist */ = {isa = PBXFileReference; lastKnownFileType = text.plist.xml; path = Info.plist; sourceTree = "<group>"; };
		835B153B25D9563F005EA9D1 /* iTunesModel.swift */ = {isa = PBXFileReference; lastKnownFileType = sourcecode.swift; path = iTunesModel.swift; sourceTree = "<group>"; };
		835B154425D95A67005EA9D1 /* iTunesAPIClient.swift */ = {isa = PBXFileReference; lastKnownFileType = sourcecode.swift; path = iTunesAPIClient.swift; sourceTree = "<group>"; };
/* End PBXFileReference section */

/* Begin PBXFrameworksBuildPhase section */
		833F474525D77981001E5782 /* Frameworks */ = {
			isa = PBXFrameworksBuildPhase;
			buildActionMask = 2147483647;
			files = (
				831FE36E26637B39003E6465 /* SDWebImageSwiftUI in Frameworks */,
			);
			runOnlyForDeploymentPostprocessing = 0;
		};
		833F475625D77985001E5782 /* Frameworks */ = {
			isa = PBXFrameworksBuildPhase;
			buildActionMask = 2147483647;
			files = (
			);
			runOnlyForDeploymentPostprocessing = 0;
		};
		833F476125D77985001E5782 /* Frameworks */ = {
			isa = PBXFrameworksBuildPhase;
			buildActionMask = 2147483647;
			files = (
			);
			runOnlyForDeploymentPostprocessing = 0;
		};
/* End PBXFrameworksBuildPhase section */

/* Begin PBXGroup section */
		831FE37026637E92003E6465 /* ViewModels */ = {
			isa = PBXGroup;
			children = (
				831FE37526638535003E6465 /* ContentViewModel.swift */,
			);
			path = ViewModels;
			sourceTree = "<group>";
		};
		831FE37126637E99003E6465 /* Repositorys */ = {
			isa = PBXGroup;
			children = (
				831FE3732663844B003E6465 /* iTunesRepository.swift */,
			);
			path = Repositorys;
			sourceTree = "<group>";
		};
		831FE37226637F0A003E6465 /* View */ = {
			isa = PBXGroup;
			children = (
				833F474D25D77981001E5782 /* ContentView.swift */,
				831FE37A2663895B003E6465 /* ListRow.swift */,
			);
			path = View;
			sourceTree = "<group>";
		};
		831FE37726638758003E6465 /* Utility */ = {
			isa = PBXGroup;
			children = (
				831FE3782663876C003E6465 /* APIStauts.swift */,
			);
			path = Utility;
			sourceTree = "<group>";
		};
		833F473F25D77981001E5782 = {
			isa = PBXGroup;
			children = (
				833F474A25D77981001E5782 /* API-Sample-swiftUI */,
				833F475C25D77985001E5782 /* API-Sample-swiftUITests */,
				833F476725D77985001E5782 /* API-Sample-swiftUIUITests */,
				833F474925D77981001E5782 /* Products */,
			);
			sourceTree = "<group>";
		};
		833F474925D77981001E5782 /* Products */ = {
			isa = PBXGroup;
			children = (
				833F474825D77981001E5782 /* API-Sample-swiftUI.app */,
				833F475925D77985001E5782 /* API-Sample-swiftUITests.xctest */,
				833F476425D77985001E5782 /* API-Sample-swiftUIUITests.xctest */,
			);
			name = Products;
			sourceTree = "<group>";
		};
		833F474A25D77981001E5782 /* API-Sample-swiftUI */ = {
			isa = PBXGroup;
			children = (
				831FE37726638758003E6465 /* Utility */,
				831FE37226637F0A003E6465 /* View */,
				831FE37126637E99003E6465 /* Repositorys */,
				831FE37026637E92003E6465 /* ViewModels */,
				835B154325D95A3A005EA9D1 /* APIClients */,
				835B153A25D9561F005EA9D1 /* Model */,
				833F474B25D77981001E5782 /* API_Sample_swiftUIApp.swift */,
				833F474F25D77984001E5782 /* Assets.xcassets */,
				833F475425D77984001E5782 /* Info.plist */,
				833F475125D77984001E5782 /* Preview Content */,
			);
			path = "API-Sample-swiftUI";
			sourceTree = "<group>";
		};
		833F475125D77984001E5782 /* Preview Content */ = {
			isa = PBXGroup;
			children = (
				833F475225D77984001E5782 /* Preview Assets.xcassets */,
			);
			path = "Preview Content";
			sourceTree = "<group>";
		};
		833F475C25D77985001E5782 /* API-Sample-swiftUITests */ = {
			isa = PBXGroup;
			children = (
				833F475D25D77985001E5782 /* API_Sample_swiftUITests.swift */,
				833F475F25D77985001E5782 /* Info.plist */,
			);
			path = "API-Sample-swiftUITests";
			sourceTree = "<group>";
		};
		833F476725D77985001E5782 /* API-Sample-swiftUIUITests */ = {
			isa = PBXGroup;
			children = (
				833F476825D77985001E5782 /* API_Sample_swiftUIUITests.swift */,
				833F476A25D77985001E5782 /* Info.plist */,
			);
			path = "API-Sample-swiftUIUITests";
			sourceTree = "<group>";
		};
		835B153A25D9561F005EA9D1 /* Model */ = {
			isa = PBXGroup;
			children = (
				835B153B25D9563F005EA9D1 /* iTunesModel.swift */,
			);
			path = Model;
			sourceTree = "<group>";
		};
		835B154325D95A3A005EA9D1 /* APIClients */ = {
			isa = PBXGroup;
			children = (
				835B154425D95A67005EA9D1 /* iTunesAPIClient.swift */,
			);
			path = APIClients;
			sourceTree = "<group>";
		};
/* End PBXGroup section */

/* Begin PBXNativeTarget section */
		833F474725D77981001E5782 /* API-Sample-swiftUI */ = {
			isa = PBXNativeTarget;
			buildConfigurationList = 833F476D25D77985001E5782 /* Build configuration list for PBXNativeTarget "API-Sample-swiftUI" */;
			buildPhases = (
				833F474425D77981001E5782 /* Sources */,
				833F474525D77981001E5782 /* Frameworks */,
				833F474625D77981001E5782 /* Resources */,
			);
			buildRules = (
			);
			dependencies = (
			);
			name = "API-Sample-swiftUI";
			packageProductDependencies = (
				831FE36D26637B39003E6465 /* SDWebImageSwiftUI */,
			);
			productName = "API-Sample-swiftUI";
			productReference = 833F474825D77981001E5782 /* API-Sample-swiftUI.app */;
			productType = "com.apple.product-type.application";
		};
		833F475825D77985001E5782 /* API-Sample-swiftUITests */ = {
			isa = PBXNativeTarget;
			buildConfigurationList = 833F477025D77985001E5782 /* Build configuration list for PBXNativeTarget "API-Sample-swiftUITests" */;
			buildPhases = (
				833F475525D77985001E5782 /* Sources */,
				833F475625D77985001E5782 /* Frameworks */,
				833F475725D77985001E5782 /* Resources */,
			);
			buildRules = (
			);
			dependencies = (
				833F475B25D77985001E5782 /* PBXTargetDependency */,
			);
			name = "API-Sample-swiftUITests";
			productName = "API-Sample-swiftUITests";
			productReference = 833F475925D77985001E5782 /* API-Sample-swiftUITests.xctest */;
			productType = "com.apple.product-type.bundle.unit-test";
		};
		833F476325D77985001E5782 /* API-Sample-swiftUIUITests */ = {
			isa = PBXNativeTarget;
			buildConfigurationList = 833F477325D77985001E5782 /* Build configuration list for PBXNativeTarget "API-Sample-swiftUIUITests" */;
			buildPhases = (
				833F476025D77985001E5782 /* Sources */,
				833F476125D77985001E5782 /* Frameworks */,
				833F476225D77985001E5782 /* Resources */,
			);
			buildRules = (
			);
			dependencies = (
				833F476625D77985001E5782 /* PBXTargetDependency */,
			);
			name = "API-Sample-swiftUIUITests";
			productName = "API-Sample-swiftUIUITests";
			productReference = 833F476425D77985001E5782 /* API-Sample-swiftUIUITests.xctest */;
			productType = "com.apple.product-type.bundle.ui-testing";
		};
/* End PBXNativeTarget section */

/* Begin PBXProject section */
		833F474025D77981001E5782 /* Project object */ = {
			isa = PBXProject;
			attributes = {
				LastSwiftUpdateCheck = 1240;
				LastUpgradeCheck = 1240;
				TargetAttributes = {
					833F474725D77981001E5782 = {
						CreatedOnToolsVersion = 12.4;
					};
					833F475825D77985001E5782 = {
						CreatedOnToolsVersion = 12.4;
						TestTargetID = 833F474725D77981001E5782;
					};
					833F476325D77985001E5782 = {
						CreatedOnToolsVersion = 12.4;
						TestTargetID = 833F474725D77981001E5782;
					};
				};
			};
			buildConfigurationList = 833F474325D77981001E5782 /* Build configuration list for PBXProject "API-Sample-swiftUI" */;
			compatibilityVersion = "Xcode 9.3";
			developmentRegion = en;
			hasScannedForEncodings = 0;
			knownRegions = (
				en,
				Base,
			);
			mainGroup = 833F473F25D77981001E5782;
			packageReferences = (
				831FE36C26637B38003E6465 /* XCRemoteSwiftPackageReference "SDWebImageSwiftUI" */,
			);
			productRefGroup = 833F474925D77981001E5782 /* Products */;
			projectDirPath = "";
			projectRoot = "";
			targets = (
				833F474725D77981001E5782 /* API-Sample-swiftUI */,
				833F475825D77985001E5782 /* API-Sample-swiftUITests */,
				833F476325D77985001E5782 /* API-Sample-swiftUIUITests */,
			);
		};
/* End PBXProject section */

/* Begin PBXResourcesBuildPhase section */
		833F474625D77981001E5782 /* Resources */ = {
			isa = PBXResourcesBuildPhase;
			buildActionMask = 2147483647;
			files = (
				833F475325D77984001E5782 /* Preview Assets.xcassets in Resources */,
				833F475025D77984001E5782 /* Assets.xcassets in Resources */,
			);
			runOnlyForDeploymentPostprocessing = 0;
		};
		833F475725D77985001E5782 /* Resources */ = {
			isa = PBXResourcesBuildPhase;
			buildActionMask = 2147483647;
			files = (
			);
			runOnlyForDeploymentPostprocessing = 0;
		};
		833F476225D77985001E5782 /* Resources */ = {
			isa = PBXResourcesBuildPhase;
			buildActionMask = 2147483647;
			files = (
			);
			runOnlyForDeploymentPostprocessing = 0;
		};
/* End PBXResourcesBuildPhase section */

/* Begin PBXSourcesBuildPhase section */
		833F474425D77981001E5782 /* Sources */ = {
			isa = PBXSourcesBuildPhase;
			buildActionMask = 2147483647;
			files = (
				833F474E25D77981001E5782 /* ContentView.swift in Sources */,
				833F474C25D77981001E5782 /* API_Sample_swiftUIApp.swift in Sources */,
				831FE37626638535003E6465 /* ContentViewModel.swift in Sources */,
				831FE3742663844B003E6465 /* iTunesRepository.swift in Sources */,
				831FE37B2663895B003E6465 /* ListRow.swift in Sources */,
				835B153C25D9563F005EA9D1 /* iTunesModel.swift in Sources */,
				831FE3792663876C003E6465 /* APIStauts.swift in Sources */,
				835B154525D95A67005EA9D1 /* iTunesAPIClient.swift in Sources */,
			);
			runOnlyForDeploymentPostprocessing = 0;
		};
		833F475525D77985001E5782 /* Sources */ = {
			isa = PBXSourcesBuildPhase;
			buildActionMask = 2147483647;
			files = (
				833F475E25D77985001E5782 /* API_Sample_swiftUITests.swift in Sources */,
			);
			runOnlyForDeploymentPostprocessing = 0;
		};
		833F476025D77985001E5782 /* Sources */ = {
			isa = PBXSourcesBuildPhase;
			buildActionMask = 2147483647;
			files = (
				833F476925D77985001E5782 /* API_Sample_swiftUIUITests.swift in Sources */,
			);
			runOnlyForDeploymentPostprocessing = 0;
		};
/* End PBXSourcesBuildPhase section */

/* Begin PBXTargetDependency section */
		833F475B25D77985001E5782 /* PBXTargetDependency */ = {
			isa = PBXTargetDependency;
			target = 833F474725D77981001E5782 /* API-Sample-swiftUI */;
			targetProxy = 833F475A25D77985001E5782 /* PBXContainerItemProxy */;
		};
		833F476625D77985001E5782 /* PBXTargetDependency */ = {
			isa = PBXTargetDependency;
			target = 833F474725D77981001E5782 /* API-Sample-swiftUI */;
			targetProxy = 833F476525D77985001E5782 /* PBXContainerItemProxy */;
		};
/* End PBXTargetDependency section */

/* Begin XCBuildConfiguration section */
		833F476B25D77985001E5782 /* Debug */ = {
			isa = XCBuildConfiguration;
			buildSettings = {
				ALWAYS_SEARCH_USER_PATHS = NO;
				CLANG_ANALYZER_NONNULL = YES;
				CLANG_ANALYZER_NUMBER_OBJECT_CONVERSION = YES_AGGRESSIVE;
				CLANG_CXX_LANGUAGE_STANDARD = "gnu++14";
				CLANG_CXX_LIBRARY = "libc++";
				CLANG_ENABLE_MODULES = YES;
				CLANG_ENABLE_OBJC_ARC = YES;
				CLANG_ENABLE_OBJC_WEAK = YES;
				CLANG_WARN_BLOCK_CAPTURE_AUTORELEASING = YES;
				CLANG_WARN_BOOL_CONVERSION = YES;
				CLANG_WARN_COMMA = YES;
				CLANG_WARN_CONSTANT_CONVERSION = YES;
				CLANG_WARN_DEPRECATED_OBJC_IMPLEMENTATIONS = YES;
				CLANG_WARN_DIRECT_OBJC_ISA_USAGE = YES_ERROR;
				CLANG_WARN_DOCUMENTATION_COMMENTS = YES;
				CLANG_WARN_EMPTY_BODY = YES;
				CLANG_WARN_ENUM_CONVERSION = YES;
				CLANG_WARN_INFINITE_RECURSION = YES;
				CLANG_WARN_INT_CONVERSION = YES;
				CLANG_WARN_NON_LITERAL_NULL_CONVERSION = YES;
				CLANG_WARN_OBJC_IMPLICIT_RETAIN_SELF = YES;
				CLANG_WARN_OBJC_LITERAL_CONVERSION = YES;
				CLANG_WARN_OBJC_ROOT_CLASS = YES_ERROR;
				CLANG_WARN_QUOTED_INCLUDE_IN_FRAMEWORK_HEADER = YES;
				CLANG_WARN_RANGE_LOOP_ANALYSIS = YES;
				CLANG_WARN_STRICT_PROTOTYPES = YES;
				CLANG_WARN_SUSPICIOUS_MOVE = YES;
				CLANG_WARN_UNGUARDED_AVAILABILITY = YES_AGGRESSIVE;
				CLANG_WARN_UNREACHABLE_CODE = YES;
				CLANG_WARN__DUPLICATE_METHOD_MATCH = YES;
				COPY_PHASE_STRIP = NO;
				DEBUG_INFORMATION_FORMAT = dwarf;
				ENABLE_STRICT_OBJC_MSGSEND = YES;
				ENABLE_TESTABILITY = YES;
				GCC_C_LANGUAGE_STANDARD = gnu11;
				GCC_DYNAMIC_NO_PIC = NO;
				GCC_NO_COMMON_BLOCKS = YES;
				GCC_OPTIMIZATION_LEVEL = 0;
				GCC_PREPROCESSOR_DEFINITIONS = (
					"DEBUG=1",
					"$(inherited)",
				);
				GCC_WARN_64_TO_32_BIT_CONVERSION = YES;
				GCC_WARN_ABOUT_RETURN_TYPE = YES_ERROR;
				GCC_WARN_UNDECLARED_SELECTOR = YES;
				GCC_WARN_UNINITIALIZED_AUTOS = YES_AGGRESSIVE;
				GCC_WARN_UNUSED_FUNCTION = YES;
				GCC_WARN_UNUSED_VARIABLE = YES;
				IPHONEOS_DEPLOYMENT_TARGET = 14.4;
				MTL_ENABLE_DEBUG_INFO = INCLUDE_SOURCE;
				MTL_FAST_MATH = YES;
				ONLY_ACTIVE_ARCH = YES;
				SDKROOT = iphoneos;
				SWIFT_ACTIVE_COMPILATION_CONDITIONS = DEBUG;
				SWIFT_OPTIMIZATION_LEVEL = "-Onone";
			};
			name = Debug;
		};
		833F476C25D77985001E5782 /* Release */ = {
			isa = XCBuildConfiguration;
			buildSettings = {
				ALWAYS_SEARCH_USER_PATHS = NO;
				CLANG_ANALYZER_NONNULL = YES;
				CLANG_ANALYZER_NUMBER_OBJECT_CONVERSION = YES_AGGRESSIVE;
				CLANG_CXX_LANGUAGE_STANDARD = "gnu++14";
				CLANG_CXX_LIBRARY = "libc++";
				CLANG_ENABLE_MODULES = YES;
				CLANG_ENABLE_OBJC_ARC = YES;
				CLANG_ENABLE_OBJC_WEAK = YES;
				CLANG_WARN_BLOCK_CAPTURE_AUTORELEASING = YES;
				CLANG_WARN_BOOL_CONVERSION = YES;
				CLANG_WARN_COMMA = YES;
				CLANG_WARN_CONSTANT_CONVERSION = YES;
				CLANG_WARN_DEPRECATED_OBJC_IMPLEMENTATIONS = YES;
				CLANG_WARN_DIRECT_OBJC_ISA_USAGE = YES_ERROR;
				CLANG_WARN_DOCUMENTATION_COMMENTS = YES;
				CLANG_WARN_EMPTY_BODY = YES;
				CLANG_WARN_ENUM_CONVERSION = YES;
				CLANG_WARN_INFINITE_RECURSION = YES;
				CLANG_WARN_INT_CONVERSION = YES;
				CLANG_WARN_NON_LITERAL_NULL_CONVERSION = YES;
				CLANG_WARN_OBJC_IMPLICIT_RETAIN_SELF = YES;
				CLANG_WARN_OBJC_LITERAL_CONVERSION = YES;
				CLANG_WARN_OBJC_ROOT_CLASS = YES_ERROR;
				CLANG_WARN_QUOTED_INCLUDE_IN_FRAMEWORK_HEADER = YES;
				CLANG_WARN_RANGE_LOOP_ANALYSIS = YES;
				CLANG_WARN_STRICT_PROTOTYPES = YES;
				CLANG_WARN_SUSPICIOUS_MOVE = YES;
				CLANG_WARN_UNGUARDED_AVAILABILITY = YES_AGGRESSIVE;
				CLANG_WARN_UNREACHABLE_CODE = YES;
				CLANG_WARN__DUPLICATE_METHOD_MATCH = YES;
				COPY_PHASE_STRIP = NO;
				DEBUG_INFORMATION_FORMAT = "dwarf-with-dsym";
				ENABLE_NS_ASSERTIONS = NO;
				ENABLE_STRICT_OBJC_MSGSEND = YES;
				GCC_C_LANGUAGE_STANDARD = gnu11;
				GCC_NO_COMMON_BLOCKS = YES;
				GCC_WARN_64_TO_32_BIT_CONVERSION = YES;
				GCC_WARN_ABOUT_RETURN_TYPE = YES_ERROR;
				GCC_WARN_UNDECLARED_SELECTOR = YES;
				GCC_WARN_UNINITIALIZED_AUTOS = YES_AGGRESSIVE;
				GCC_WARN_UNUSED_FUNCTION = YES;
				GCC_WARN_UNUSED_VARIABLE = YES;
				IPHONEOS_DEPLOYMENT_TARGET = 14.4;
				MTL_ENABLE_DEBUG_INFO = NO;
				MTL_FAST_MATH = YES;
				SDKROOT = iphoneos;
				SWIFT_COMPILATION_MODE = wholemodule;
				SWIFT_OPTIMIZATION_LEVEL = "-O";
				VALIDATE_PRODUCT = YES;
			};
			name = Release;
		};
		833F476E25D77985001E5782 /* Debug */ = {
			isa = XCBuildConfiguration;
			buildSettings = {
				ASSETCATALOG_COMPILER_APPICON_NAME = AppIcon;
				ASSETCATALOG_COMPILER_GLOBAL_ACCENT_COLOR_NAME = AccentColor;
				CODE_SIGN_STYLE = Automatic;
				DEVELOPMENT_ASSET_PATHS = "\"API-Sample-swiftUI/Preview Content\"";
				DEVELOPMENT_TEAM = 8S4Q54QAMM;
				ENABLE_PREVIEWS = YES;
				INFOPLIST_FILE = "API-Sample-swiftUI/Info.plist";
				IPHONEOS_DEPLOYMENT_TARGET = 14.0;
				LD_RUNPATH_SEARCH_PATHS = (
					"$(inherited)",
					"@executable_path/Frameworks",
				);
				PRODUCT_BUNDLE_IDENTIFIER = "ReoImanishi.API-Sample-swiftUI";
				PRODUCT_NAME = "$(TARGET_NAME)";
				SWIFT_VERSION = 5.0;
				TARGETED_DEVICE_FAMILY = 1;
			};
			name = Debug;
		};
		833F476F25D77985001E5782 /* Release */ = {
			isa = XCBuildConfiguration;
			buildSettings = {
				ASSETCATALOG_COMPILER_APPICON_NAME = AppIcon;
				ASSETCATALOG_COMPILER_GLOBAL_ACCENT_COLOR_NAME = AccentColor;
				CODE_SIGN_STYLE = Automatic;
				DEVELOPMENT_ASSET_PATHS = "\"API-Sample-swiftUI/Preview Content\"";
				DEVELOPMENT_TEAM = 8S4Q54QAMM;
				ENABLE_PREVIEWS = YES;
				INFOPLIST_FILE = "API-Sample-swiftUI/Info.plist";
				IPHONEOS_DEPLOYMENT_TARGET = 14.0;
				LD_RUNPATH_SEARCH_PATHS = (
					"$(inherited)",
					"@executable_path/Frameworks",
				);
				PRODUCT_BUNDLE_IDENTIFIER = "ReoImanishi.API-Sample-swiftUI";
				PRODUCT_NAME = "$(TARGET_NAME)";
				SWIFT_VERSION = 5.0;
				TARGETED_DEVICE_FAMILY = 1;
			};
			name = Release;
		};
		833F477125D77985001E5782 /* Debug */ = {
			isa = XCBuildConfiguration;
			buildSettings = {
				ALWAYS_EMBED_SWIFT_STANDARD_LIBRARIES = YES;
				BUNDLE_LOADER = "$(TEST_HOST)";
				CODE_SIGN_STYLE = Automatic;
				DEVELOPMENT_TEAM = 8S4Q54QAMM;
				INFOPLIST_FILE = "API-Sample-swiftUITests/Info.plist";
				IPHONEOS_DEPLOYMENT_TARGET = 14.0;
				LD_RUNPATH_SEARCH_PATHS = (
					"$(inherited)",
					"@executable_path/Frameworks",
					"@loader_path/Frameworks",
				);
				PRODUCT_BUNDLE_IDENTIFIER = "ReoImanishi.API-Sample-swiftUITests";
				PRODUCT_NAME = "$(TARGET_NAME)";
				SWIFT_VERSION = 5.0;
				TARGETED_DEVICE_FAMILY = "1,2";
				TEST_HOST = "$(BUILT_PRODUCTS_DIR)/API-Sample-swiftUI.app/API-Sample-swiftUI";
			};
			name = Debug;
		};
		833F477225D77985001E5782 /* Release */ = {
			isa = XCBuildConfiguration;
			buildSettings = {
				ALWAYS_EMBED_SWIFT_STANDARD_LIBRARIES = YES;
				BUNDLE_LOADER = "$(TEST_HOST)";
				CODE_SIGN_STYLE = Automatic;
				DEVELOPMENT_TEAM = 8S4Q54QAMM;
				INFOPLIST_FILE = "API-Sample-swiftUITests/Info.plist";
				IPHONEOS_DEPLOYMENT_TARGET = 14.0;
				LD_RUNPATH_SEARCH_PATHS = (
					"$(inherited)",
					"@executable_path/Frameworks",
					"@loader_path/Frameworks",
				);
				PRODUCT_BUNDLE_IDENTIFIER = "ReoImanishi.API-Sample-swiftUITests";
				PRODUCT_NAME = "$(TARGET_NAME)";
				SWIFT_VERSION = 5.0;
				TARGETED_DEVICE_FAMILY = "1,2";
				TEST_HOST = "$(BUILT_PRODUCTS_DIR)/API-Sample-swiftUI.app/API-Sample-swiftUI";
			};
			name = Release;
		};
		833F477425D77985001E5782 /* Debug */ = {
			isa = XCBuildConfiguration;
			buildSettings = {
				ALWAYS_EMBED_SWIFT_STANDARD_LIBRARIES = YES;
				CODE_SIGN_STYLE = Automatic;
				DEVELOPMENT_TEAM = 8S4Q54QAMM;
				INFOPLIST_FILE = "API-Sample-swiftUIUITests/Info.plist";
				LD_RUNPATH_SEARCH_PATHS = (
					"$(inherited)",
					"@executable_path/Frameworks",
					"@loader_path/Frameworks",
				);
				PRODUCT_BUNDLE_IDENTIFIER = "ReoImanishi.API-Sample-swiftUIUITests";
				PRODUCT_NAME = "$(TARGET_NAME)";
				SWIFT_VERSION = 5.0;
				TARGETED_DEVICE_FAMILY = "1,2";
				TEST_TARGET_NAME = "API-Sample-swiftUI";
			};
			name = Debug;
		};
		833F477525D77985001E5782 /* Release */ = {
			isa = XCBuildConfiguration;
			buildSettings = {
				ALWAYS_EMBED_SWIFT_STANDARD_LIBRARIES = YES;
				CODE_SIGN_STYLE = Automatic;
				DEVELOPMENT_TEAM = 8S4Q54QAMM;
				INFOPLIST_FILE = "API-Sample-swiftUIUITests/Info.plist";
				LD_RUNPATH_SEARCH_PATHS = (
					"$(inherited)",
					"@executable_path/Frameworks",
					"@loader_path/Frameworks",
				);
				PRODUCT_BUNDLE_IDENTIFIER = "ReoImanishi.API-Sample-swiftUIUITests";
				PRODUCT_NAME = "$(TARGET_NAME)";
				SWIFT_VERSION = 5.0;
				TARGETED_DEVICE_FAMILY = "1,2";
				TEST_TARGET_NAME = "API-Sample-swiftUI";
			};
			name = Release;
		};
/* End XCBuildConfiguration section */

/* Begin XCConfigurationList section */
		833F474325D77981001E5782 /* Build configuration list for PBXProject "API-Sample-swiftUI" */ = {
			isa = XCConfigurationList;
			buildConfigurations = (
				833F476B25D77985001E5782 /* Debug */,
				833F476C25D77985001E5782 /* Release */,
			);
			defaultConfigurationIsVisible = 0;
			defaultConfigurationName = Release;
		};
		833F476D25D77985001E5782 /* Build configuration list for PBXNativeTarget "API-Sample-swiftUI" */ = {
			isa = XCConfigurationList;
			buildConfigurations = (
				833F476E25D77985001E5782 /* Debug */,
				833F476F25D77985001E5782 /* Release */,
			);
			defaultConfigurationIsVisible = 0;
			defaultConfigurationName = Release;
		};
		833F477025D77985001E5782 /* Build configuration list for PBXNativeTarget "API-Sample-swiftUITests" */ = {
			isa = XCConfigurationList;
			buildConfigurations = (
				833F477125D77985001E5782 /* Debug */,
				833F477225D77985001E5782 /* Release */,
			);
			defaultConfigurationIsVisible = 0;
			defaultConfigurationName = Release;
		};
		833F477325D77985001E5782 /* Build configuration list for PBXNativeTarget "API-Sample-swiftUIUITests" */ = {
			isa = XCConfigurationList;
			buildConfigurations = (
				833F477425D77985001E5782 /* Debug */,
				833F477525D77985001E5782 /* Release */,
			);
			defaultConfigurationIsVisible = 0;
			defaultConfigurationName = Release;
		};
/* End XCConfigurationList section */

/* Begin XCRemoteSwiftPackageReference section */
		831FE36C26637B38003E6465 /* XCRemoteSwiftPackageReference "SDWebImageSwiftUI" */ = {
			isa = XCRemoteSwiftPackageReference;
			repositoryURL = "https://github.com/SDWebImage/SDWebImageSwiftUI.git";
			requirement = {
				kind = upToNextMajorVersion;
				minimumVersion = 2.0.2;
			};
		};
/* End XCRemoteSwiftPackageReference section */

/* Begin XCSwiftPackageProductDependency section */
		831FE36D26637B39003E6465 /* SDWebImageSwiftUI */ = {
			isa = XCSwiftPackageProductDependency;
			package = 831FE36C26637B38003E6465 /* XCRemoteSwiftPackageReference "SDWebImageSwiftUI" */;
			productName = SDWebImageSwiftUI;
		};
/* End XCSwiftPackageProductDependency section */
	};
	rootObject = 833F474025D77981001E5782 /* Project object */;
}
